// !$*UTF8*$!
{
	archiveVersion = 1;
	classes = {
	};
	objectVersion = 46;
	objects = {

/* Begin PBXBuildFile section */
		7689C3753B17072AD375D1D9 /* Pods_SampleShopApp.framework in Frameworks */ = {isa = PBXBuildFile; fileRef = A3CA11F0FA143CCCE1E7ECAC /* Pods_SampleShopApp.framework */; };
		860700611F8D35D600193539 /* AppDelegate.swift in Sources */ = {isa = PBXBuildFile; fileRef = 8607005E1F8D35D600193539 /* AppDelegate.swift */; };
		860700671F8D36B000193539 /* TMDBBaseViewController.swift in Sources */ = {isa = PBXBuildFile; fileRef = 860700661F8D36B000193539 /* TMDBBaseViewController.swift */; };
		860700691F8D36F400193539 /* TMDBMoviesListViewController.swift in Sources */ = {isa = PBXBuildFile; fileRef = 860700681F8D36F400193539 /* TMDBMoviesListViewController.swift */; };
		8607006B1F8D371100193539 /* TMDBMovieDetailsViewController.swift in Sources */ = {isa = PBXBuildFile; fileRef = 8607006A1F8D371100193539 /* TMDBMovieDetailsViewController.swift */; };
		8607006D1F8D37E400193539 /* TMDBMoviesListViewModel.swift in Sources */ = {isa = PBXBuildFile; fileRef = 8607006C1F8D37E400193539 /* TMDBMoviesListViewModel.swift */; };
		8607006F1F8D37FD00193539 /* TMDBMovieDetailsViewModel.swift in Sources */ = {isa = PBXBuildFile; fileRef = 8607006E1F8D37FD00193539 /* TMDBMovieDetailsViewModel.swift */; };
		860700711F8D39BB00193539 /* Dictionary+Additions.swift in Sources */ = {isa = PBXBuildFile; fileRef = 860700701F8D39BB00193539 /* Dictionary+Additions.swift */; };
		860700731F8D41EC00193539 /* TMDBMovieListCell.swift in Sources */ = {isa = PBXBuildFile; fileRef = 860700721F8D41EC00193539 /* TMDBMovieListCell.swift */; };
		860700761F8D441400193539 /* TMDBConstants.swift in Sources */ = {isa = PBXBuildFile; fileRef = 860700751F8D441400193539 /* TMDBConstants.swift */; };
		860700821F8DFD0B00193539 /* LaunchScreen.storyboard in Resources */ = {isa = PBXBuildFile; fileRef = 8607007E1F8DFD0B00193539 /* LaunchScreen.storyboard */; };
		860700831F8DFD0B00193539 /* Main.storyboard in Resources */ = {isa = PBXBuildFile; fileRef = 860700801F8DFD0B00193539 /* Main.storyboard */; };
		862D00EE1F8BE029002DE4A6 /* Assets.xcassets in Resources */ = {isa = PBXBuildFile; fileRef = 862D00ED1F8BE029002DE4A6 /* Assets.xcassets */; };
		862D00FC1F8BE029002DE4A6 /* SampleShopAppTests.swift in Sources */ = {isa = PBXBuildFile; fileRef = 862D00FB1F8BE029002DE4A6 /* SampleShopAppTests.swift */; };
		862D01071F8BE029002DE4A6 /* SampleShopAppUITests.swift in Sources */ = {isa = PBXBuildFile; fileRef = 862D01061F8BE029002DE4A6 /* SampleShopAppUITests.swift */; };
		8684D3791F8BF05B00EC67BC /* TMDBMoviesNetworkService.swift in Sources */ = {isa = PBXBuildFile; fileRef = 8684D3781F8BF05B00EC67BC /* TMDBMoviesNetworkService.swift */; };
		8684D37B1F8BF11700EC67BC /* TMDBBaseRequestHandler.swift in Sources */ = {isa = PBXBuildFile; fileRef = 8684D37A1F8BF11700EC67BC /* TMDBBaseRequestHandler.swift */; };
		8684D37D1F8BF1D300EC67BC /* TMDBResponseHandler.swift in Sources */ = {isa = PBXBuildFile; fileRef = 8684D37C1F8BF1D300EC67BC /* TMDBResponseHandler.swift */; };
		8684D38B1F8BF4A200EC67BC /* GoBaseNetworkService.swift in Sources */ = {isa = PBXBuildFile; fileRef = 8684D3861F8BF4A200EC67BC /* GoBaseNetworkService.swift */; };
		8684D38C1F8BF4A200EC67BC /* GoCustomError.swift in Sources */ = {isa = PBXBuildFile; fileRef = 8684D3871F8BF4A200EC67BC /* GoCustomError.swift */; };
		8684D38D1F8BF4A200EC67BC /* GoRequestHandler.swift in Sources */ = {isa = PBXBuildFile; fileRef = 8684D3881F8BF4A200EC67BC /* GoRequestHandler.swift */; };
		8684D38E1F8BF4A200EC67BC /* GoResponseHandler.swift in Sources */ = {isa = PBXBuildFile; fileRef = 8684D3891F8BF4A200EC67BC /* GoResponseHandler.swift */; };
		8684D38F1F8BF4A200EC67BC /* GoURLSessionService.swift in Sources */ = {isa = PBXBuildFile; fileRef = 8684D38A1F8BF4A200EC67BC /* GoURLSessionService.swift */; };
		8684D3941F8BF4D300EC67BC /* TMDBBaseParser.swift in Sources */ = {isa = PBXBuildFile; fileRef = 8684D3911F8BF4D300EC67BC /* TMDBBaseParser.swift */; };
		8684D3951F8BF4D300EC67BC /* TMDBMovieDetailsParser.swift in Sources */ = {isa = PBXBuildFile; fileRef = 8684D3921F8BF4D300EC67BC /* TMDBMovieDetailsParser.swift */; };
		8684D3961F8BF4D300EC67BC /* TMDBMoviesListParser.swift in Sources */ = {isa = PBXBuildFile; fileRef = 8684D3931F8BF4D300EC67BC /* TMDBMoviesListParser.swift */; };
		8684D3991F8C018400EC67BC /* TMDBMovieListItem.swift in Sources */ = {isa = PBXBuildFile; fileRef = 8684D3981F8C018400EC67BC /* TMDBMovieListItem.swift */; };
		8684D39B1F8C02C300EC67BC /* TMDBMovieDetailsItem.swift in Sources */ = {isa = PBXBuildFile; fileRef = 8684D39A1F8C02C300EC67BC /* TMDBMovieDetailsItem.swift */; };
		BC4FB9757B841ABE3BE4A01E /* Pods_SampleShopAppTests.framework in Frameworks */ = {isa = PBXBuildFile; fileRef = A33702943CF6B857FCDF5E93 /* Pods_SampleShopAppTests.framework */; };
		BF723E5991876E49973C6C3E /* Pods_SampleShopAppUITests.framework in Frameworks */ = {isa = PBXBuildFile; fileRef = 0353B5B0B20B145314B46406 /* Pods_SampleShopAppUITests.framework */; };
/* End PBXBuildFile section */

/* Begin PBXContainerItemProxy section */
		862D00F81F8BE029002DE4A6 /* PBXContainerItemProxy */ = {
			isa = PBXContainerItemProxy;
			containerPortal = 862D00DB1F8BE028002DE4A6 /* Project object */;
			proxyType = 1;
			remoteGlobalIDString = 862D00E21F8BE028002DE4A6;
			remoteInfo = SampleShopApp;
		};
		862D01031F8BE029002DE4A6 /* PBXContainerItemProxy */ = {
			isa = PBXContainerItemProxy;
			containerPortal = 862D00DB1F8BE028002DE4A6 /* Project object */;
			proxyType = 1;
			remoteGlobalIDString = 862D00E21F8BE028002DE4A6;
			remoteInfo = SampleShopApp;
		};
/* End PBXContainerItemProxy section */

/* Begin PBXFileReference section */
		0353B5B0B20B145314B46406 /* Pods_SampleShopAppUITests.framework */ = {isa = PBXFileReference; explicitFileType = wrapper.framework; includeInIndex = 0; path = Pods_SampleShopAppUITests.framework; sourceTree = BUILT_PRODUCTS_DIR; };
		06DE1FE80176BB0BD94A8E69 /* Pods-SampleShopAppUITests.debug.xcconfig */ = {isa = PBXFileReference; includeInIndex = 1; lastKnownFileType = text.xcconfig; name = "Pods-SampleShopAppUITests.debug.xcconfig"; path = "Pods/Target Support Files/Pods-SampleShopAppUITests/Pods-SampleShopAppUITests.debug.xcconfig"; sourceTree = "<group>"; };
		2568446075032CC70B0E7AF4 /* Pods-SampleShopApp.debug.xcconfig */ = {isa = PBXFileReference; includeInIndex = 1; lastKnownFileType = text.xcconfig; name = "Pods-SampleShopApp.debug.xcconfig"; path = "Pods/Target Support Files/Pods-SampleShopApp/Pods-SampleShopApp.debug.xcconfig"; sourceTree = "<group>"; };
		62058204029BEEE4E5A609C0 /* Pods-SampleShopAppTests.debug.xcconfig */ = {isa = PBXFileReference; includeInIndex = 1; lastKnownFileType = text.xcconfig; name = "Pods-SampleShopAppTests.debug.xcconfig"; path = "Pods/Target Support Files/Pods-SampleShopAppTests/Pods-SampleShopAppTests.debug.xcconfig"; sourceTree = "<group>"; };
		8054C10B485687875B2D401E /* Pods-SampleShopApp.release.xcconfig */ = {isa = PBXFileReference; includeInIndex = 1; lastKnownFileType = text.xcconfig; name = "Pods-SampleShopApp.release.xcconfig"; path = "Pods/Target Support Files/Pods-SampleShopApp/Pods-SampleShopApp.release.xcconfig"; sourceTree = "<group>"; };
		8607005E1F8D35D600193539 /* AppDelegate.swift */ = {isa = PBXFileReference; fileEncoding = 4; lastKnownFileType = sourcecode.swift; path = AppDelegate.swift; sourceTree = "<group>"; };
		860700661F8D36B000193539 /* TMDBBaseViewController.swift */ = {isa = PBXFileReference; fileEncoding = 4; lastKnownFileType = sourcecode.swift; path = TMDBBaseViewController.swift; sourceTree = "<group>"; };
		860700681F8D36F400193539 /* TMDBMoviesListViewController.swift */ = {isa = PBXFileReference; fileEncoding = 4; lastKnownFileType = sourcecode.swift; path = TMDBMoviesListViewController.swift; sourceTree = "<group>"; };
		8607006A1F8D371100193539 /* TMDBMovieDetailsViewController.swift */ = {isa = PBXFileReference; fileEncoding = 4; lastKnownFileType = sourcecode.swift; path = TMDBMovieDetailsViewController.swift; sourceTree = "<group>"; };
		8607006C1F8D37E400193539 /* TMDBMoviesListViewModel.swift */ = {isa = PBXFileReference; fileEncoding = 4; lastKnownFileType = sourcecode.swift; path = TMDBMoviesListViewModel.swift; sourceTree = "<group>"; };
		8607006E1F8D37FD00193539 /* TMDBMovieDetailsViewModel.swift */ = {isa = PBXFileReference; fileEncoding = 4; lastKnownFileType = sourcecode.swift; path = TMDBMovieDetailsViewModel.swift; sourceTree = "<group>"; };
		860700701F8D39BB00193539 /* Dictionary+Additions.swift */ = {isa = PBXFileReference; fileEncoding = 4; lastKnownFileType = sourcecode.swift; path = "Dictionary+Additions.swift"; sourceTree = "<group>"; };
		860700721F8D41EC00193539 /* TMDBMovieListCell.swift */ = {isa = PBXFileReference; fileEncoding = 4; lastKnownFileType = sourcecode.swift; path = TMDBMovieListCell.swift; sourceTree = "<group>"; };
		860700751F8D441400193539 /* TMDBConstants.swift */ = {isa = PBXFileReference; fileEncoding = 4; lastKnownFileType = sourcecode.swift; path = TMDBConstants.swift; sourceTree = "<group>"; };
		8607007F1F8DFD0B00193539 /* Base */ = {isa = PBXFileReference; lastKnownFileType = file.storyboard; name = Base; path = Base.lproj/LaunchScreen.storyboard; sourceTree = "<group>"; };
		860700811F8DFD0B00193539 /* Base */ = {isa = PBXFileReference; lastKnownFileType = file.storyboard; name = Base; path = Base.lproj/Main.storyboard; sourceTree = "<group>"; };
		862D00E31F8BE028002DE4A6 /* SampleShopApp.app */ = {isa = PBXFileReference; explicitFileType = wrapper.application; includeInIndex = 0; path = SampleShopApp.app; sourceTree = BUILT_PRODUCTS_DIR; };
		862D00ED1F8BE029002DE4A6 /* Assets.xcassets */ = {isa = PBXFileReference; lastKnownFileType = folder.assetcatalog; path = Assets.xcassets; sourceTree = "<group>"; };
		862D00F21F8BE029002DE4A6 /* Info.plist */ = {isa = PBXFileReference; lastKnownFileType = text.plist.xml; name = Info.plist; path = ../Info.plist; sourceTree = "<group>"; };
		862D00F71F8BE029002DE4A6 /* SampleShopAppTests.xctest */ = {isa = PBXFileReference; explicitFileType = wrapper.cfbundle; includeInIndex = 0; path = SampleShopAppTests.xctest; sourceTree = BUILT_PRODUCTS_DIR; };
		862D00FB1F8BE029002DE4A6 /* SampleShopAppTests.swift */ = {isa = PBXFileReference; lastKnownFileType = sourcecode.swift; path = SampleShopAppTests.swift; sourceTree = "<group>"; };
		862D00FD1F8BE029002DE4A6 /* Info.plist */ = {isa = PBXFileReference; lastKnownFileType = text.plist.xml; path = Info.plist; sourceTree = "<group>"; };
		862D01021F8BE029002DE4A6 /* SampleShopAppUITests.xctest */ = {isa = PBXFileReference; explicitFileType = wrapper.cfbundle; includeInIndex = 0; path = SampleShopAppUITests.xctest; sourceTree = BUILT_PRODUCTS_DIR; };
		862D01061F8BE029002DE4A6 /* SampleShopAppUITests.swift */ = {isa = PBXFileReference; lastKnownFileType = sourcecode.swift; path = SampleShopAppUITests.swift; sourceTree = "<group>"; };
		862D01081F8BE029002DE4A6 /* Info.plist */ = {isa = PBXFileReference; lastKnownFileType = text.plist.xml; path = Info.plist; sourceTree = "<group>"; };
		8684D3781F8BF05B00EC67BC /* TMDBMoviesNetworkService.swift */ = {isa = PBXFileReference; fileEncoding = 4; lastKnownFileType = sourcecode.swift; path = TMDBMoviesNetworkService.swift; sourceTree = "<group>"; };
		8684D37A1F8BF11700EC67BC /* TMDBBaseRequestHandler.swift */ = {isa = PBXFileReference; fileEncoding = 4; lastKnownFileType = sourcecode.swift; path = TMDBBaseRequestHandler.swift; sourceTree = "<group>"; };
		8684D37C1F8BF1D300EC67BC /* TMDBResponseHandler.swift */ = {isa = PBXFileReference; fileEncoding = 4; lastKnownFileType = sourcecode.swift; path = TMDBResponseHandler.swift; sourceTree = "<group>"; };
		8684D3861F8BF4A200EC67BC /* GoBaseNetworkService.swift */ = {isa = PBXFileReference; fileEncoding = 4; lastKnownFileType = sourcecode.swift; path = GoBaseNetworkService.swift; sourceTree = "<group>"; };
		8684D3871F8BF4A200EC67BC /* GoCustomError.swift */ = {isa = PBXFileReference; fileEncoding = 4; lastKnownFileType = sourcecode.swift; path = GoCustomError.swift; sourceTree = "<group>"; };
		8684D3881F8BF4A200EC67BC /* GoRequestHandler.swift */ = {isa = PBXFileReference; fileEncoding = 4; lastKnownFileType = sourcecode.swift; path = GoRequestHandler.swift; sourceTree = "<group>"; };
		8684D3891F8BF4A200EC67BC /* GoResponseHandler.swift */ = {isa = PBXFileReference; fileEncoding = 4; lastKnownFileType = sourcecode.swift; path = GoResponseHandler.swift; sourceTree = "<group>"; };
		8684D38A1F8BF4A200EC67BC /* GoURLSessionService.swift */ = {isa = PBXFileReference; fileEncoding = 4; lastKnownFileType = sourcecode.swift; path = GoURLSessionService.swift; sourceTree = "<group>"; };
		8684D3911F8BF4D300EC67BC /* TMDBBaseParser.swift */ = {isa = PBXFileReference; fileEncoding = 4; lastKnownFileType = sourcecode.swift; path = TMDBBaseParser.swift; sourceTree = "<group>"; };
		8684D3921F8BF4D300EC67BC /* TMDBMovieDetailsParser.swift */ = {isa = PBXFileReference; fileEncoding = 4; lastKnownFileType = sourcecode.swift; path = TMDBMovieDetailsParser.swift; sourceTree = "<group>"; };
		8684D3931F8BF4D300EC67BC /* TMDBMoviesListParser.swift */ = {isa = PBXFileReference; fileEncoding = 4; lastKnownFileType = sourcecode.swift; path = TMDBMoviesListParser.swift; sourceTree = "<group>"; };
		8684D3981F8C018400EC67BC /* TMDBMovieListItem.swift */ = {isa = PBXFileReference; fileEncoding = 4; lastKnownFileType = sourcecode.swift; path = TMDBMovieListItem.swift; sourceTree = "<group>"; };
		8684D39A1F8C02C300EC67BC /* TMDBMovieDetailsItem.swift */ = {isa = PBXFileReference; fileEncoding = 4; lastKnownFileType = sourcecode.swift; path = TMDBMovieDetailsItem.swift; sourceTree = "<group>"; };
		8E37198C5D5E22E6AA23E37E /* Pods-SampleShopAppTests.release.xcconfig */ = {isa = PBXFileReference; includeInIndex = 1; lastKnownFileType = text.xcconfig; name = "Pods-SampleShopAppTests.release.xcconfig"; path = "Pods/Target Support Files/Pods-SampleShopAppTests/Pods-SampleShopAppTests.release.xcconfig"; sourceTree = "<group>"; };
		A33702943CF6B857FCDF5E93 /* Pods_SampleShopAppTests.framework */ = {isa = PBXFileReference; explicitFileType = wrapper.framework; includeInIndex = 0; path = Pods_SampleShopAppTests.framework; sourceTree = BUILT_PRODUCTS_DIR; };
		A3CA11F0FA143CCCE1E7ECAC /* Pods_SampleShopApp.framework */ = {isa = PBXFileReference; explicitFileType = wrapper.framework; includeInIndex = 0; path = Pods_SampleShopApp.framework; sourceTree = BUILT_PRODUCTS_DIR; };
		B9028E4D2BB6BB35D5DEEBA4 /* Pods-SampleShopAppUITests.release.xcconfig */ = {isa = PBXFileReference; includeInIndex = 1; lastKnownFileType = text.xcconfig; name = "Pods-SampleShopAppUITests.release.xcconfig"; path = "Pods/Target Support Files/Pods-SampleShopAppUITests/Pods-SampleShopAppUITests.release.xcconfig"; sourceTree = "<group>"; };
/* End PBXFileReference section */

/* Begin PBXFrameworksBuildPhase section */
		862D00E01F8BE028002DE4A6 /* Frameworks */ = {
			isa = PBXFrameworksBuildPhase;
			buildActionMask = 2147483647;
			files = (
				7689C3753B17072AD375D1D9 /* Pods_SampleShopApp.framework in Frameworks */,
			);
			runOnlyForDeploymentPostprocessing = 0;
		};
		862D00F41F8BE029002DE4A6 /* Frameworks */ = {
			isa = PBXFrameworksBuildPhase;
			buildActionMask = 2147483647;
			files = (
				BC4FB9757B841ABE3BE4A01E /* Pods_SampleShopAppTests.framework in Frameworks */,
			);
			runOnlyForDeploymentPostprocessing = 0;
		};
		862D00FF1F8BE029002DE4A6 /* Frameworks */ = {
			isa = PBXFrameworksBuildPhase;
			buildActionMask = 2147483647;
			files = (
				BF723E5991876E49973C6C3E /* Pods_SampleShopAppUITests.framework in Frameworks */,
			);
			runOnlyForDeploymentPostprocessing = 0;
		};
/* End PBXFrameworksBuildPhase section */

/* Begin PBXGroup section */
		8607005D1F8D35D600193539 /* Common */ = {
			isa = PBXGroup;
			children = (
				8607005E1F8D35D600193539 /* AppDelegate.swift */,
				862D00F21F8BE029002DE4A6 /* Info.plist */,
			);
			path = Common;
			sourceTree = "<group>";
		};
		8607005F1F8D35D600193539 /* UI */ = {
			isa = PBXGroup;
			children = (
				860700651F8D369300193539 /* Common */,
				860700631F8D365700193539 /* MoviesList */,
				860700641F8D365700193539 /* MovieDetails */,
				860700621F8D362B00193539 /* Storyboards */,
			);
			path = UI;
			sourceTree = "<group>";
		};
		860700601F8D35D600193539 /* Extensions */ = {
			isa = PBXGroup;
			children = (
				860700701F8D39BB00193539 /* Dictionary+Additions.swift */,
			);
			path = Extensions;
			sourceTree = "<group>";
		};
		860700621F8D362B00193539 /* Storyboards */ = {
			isa = PBXGroup;
			children = (
				8607007E1F8DFD0B00193539 /* LaunchScreen.storyboard */,
				860700801F8DFD0B00193539 /* Main.storyboard */,
			);
			path = Storyboards;
			sourceTree = "<group>";
		};
		860700631F8D365700193539 /* MoviesList */ = {
			isa = PBXGroup;
			children = (
				8607006C1F8D37E400193539 /* TMDBMoviesListViewModel.swift */,
				860700681F8D36F400193539 /* TMDBMoviesListViewController.swift */,
				860700721F8D41EC00193539 /* TMDBMovieListCell.swift */,
			);
			path = MoviesList;
			sourceTree = "<group>";
		};
		860700641F8D365700193539 /* MovieDetails */ = {
			isa = PBXGroup;
			children = (
				8607006E1F8D37FD00193539 /* TMDBMovieDetailsViewModel.swift */,
				8607006A1F8D371100193539 /* TMDBMovieDetailsViewController.swift */,
			);
			path = MovieDetails;
			sourceTree = "<group>";
		};
		860700651F8D369300193539 /* Common */ = {
			isa = PBXGroup;
			children = (
				860700661F8D36B000193539 /* TMDBBaseViewController.swift */,
			);
			path = Common;
			sourceTree = "<group>";
		};
		860700741F8D43FD00193539 /* Utils */ = {
			isa = PBXGroup;
			children = (
				860700751F8D441400193539 /* TMDBConstants.swift */,
			);
			path = Utils;
			sourceTree = "<group>";
		};
		862D00DA1F8BE028002DE4A6 = {
			isa = PBXGroup;
			children = (
				862D00E51F8BE028002DE4A6 /* SampleShopApp */,
				862D00FA1F8BE029002DE4A6 /* SampleShopAppTests */,
				862D01051F8BE029002DE4A6 /* SampleShopAppUITests */,
				862D00E41F8BE028002DE4A6 /* Products */,
				F2A046665B2FB23E6A31AF47 /* Pods */,
				FC96DDB859C52B006DC26B6F /* Frameworks */,
			);
			sourceTree = "<group>";
		};
		862D00E41F8BE028002DE4A6 /* Products */ = {
			isa = PBXGroup;
			children = (
				862D00E31F8BE028002DE4A6 /* SampleShopApp.app */,
				862D00F71F8BE029002DE4A6 /* SampleShopAppTests.xctest */,
				862D01021F8BE029002DE4A6 /* SampleShopAppUITests.xctest */,
			);
			name = Products;
			sourceTree = "<group>";
		};
		862D00E51F8BE028002DE4A6 /* SampleShopApp */ = {
			isa = PBXGroup;
			children = (
				860700741F8D43FD00193539 /* Utils */,
				8607005D1F8D35D600193539 /* Common */,
				8607005F1F8D35D600193539 /* UI */,
				860700601F8D35D600193539 /* Extensions */,
				862D01141F8BE07E002DE4A6 /* Networking */,
				862D00ED1F8BE029002DE4A6 /* Assets.xcassets */,
			);
			path = SampleShopApp;
			sourceTree = "<group>";
		};
		862D00FA1F8BE029002DE4A6 /* SampleShopAppTests */ = {
			isa = PBXGroup;
			children = (
				862D00FB1F8BE029002DE4A6 /* SampleShopAppTests.swift */,
				862D00FD1F8BE029002DE4A6 /* Info.plist */,
			);
			path = SampleShopAppTests;
			sourceTree = "<group>";
		};
		862D01051F8BE029002DE4A6 /* SampleShopAppUITests */ = {
			isa = PBXGroup;
			children = (
				862D01061F8BE029002DE4A6 /* SampleShopAppUITests.swift */,
				862D01081F8BE029002DE4A6 /* Info.plist */,
			);
			path = SampleShopAppUITests;
			sourceTree = "<group>";
		};
		862D01141F8BE07E002DE4A6 /* Networking */ = {
			isa = PBXGroup;
			children = (
				8684D3971F8C016A00EC67BC /* DataStructures */,
				8684D3901F8BF4D300EC67BC /* Parsers */,
				8684D3851F8BF47800EC67BC /* BaseServiceModule */,
				8684D3771F8BF02300EC67BC /* MoviesNetworkServices */,
			);
			path = Networking;
			sourceTree = "<group>";
		};
		8684D3771F8BF02300EC67BC /* MoviesNetworkServices */ = {
			isa = PBXGroup;
			children = (
				8684D3781F8BF05B00EC67BC /* TMDBMoviesNetworkService.swift */,
				8684D37A1F8BF11700EC67BC /* TMDBBaseRequestHandler.swift */,
				8684D37C1F8BF1D300EC67BC /* TMDBResponseHandler.swift */,
			);
			path = MoviesNetworkServices;
			sourceTree = "<group>";
		};
		8684D3851F8BF47800EC67BC /* BaseServiceModule */ = {
			isa = PBXGroup;
			children = (
				8684D3861F8BF4A200EC67BC /* GoBaseNetworkService.swift */,
				8684D3871F8BF4A200EC67BC /* GoCustomError.swift */,
				8684D3881F8BF4A200EC67BC /* GoRequestHandler.swift */,
				8684D3891F8BF4A200EC67BC /* GoResponseHandler.swift */,
				8684D38A1F8BF4A200EC67BC /* GoURLSessionService.swift */,
			);
			path = BaseServiceModule;
			sourceTree = "<group>";
		};
		8684D3901F8BF4D300EC67BC /* Parsers */ = {
			isa = PBXGroup;
			children = (
				8684D3911F8BF4D300EC67BC /* TMDBBaseParser.swift */,
				8684D3921F8BF4D300EC67BC /* TMDBMovieDetailsParser.swift */,
				8684D3931F8BF4D300EC67BC /* TMDBMoviesListParser.swift */,
			);
			path = Parsers;
			sourceTree = "<group>";
		};
		8684D3971F8C016A00EC67BC /* DataStructures */ = {
			isa = PBXGroup;
			children = (
				8684D3981F8C018400EC67BC /* TMDBMovieListItem.swift */,
				8684D39A1F8C02C300EC67BC /* TMDBMovieDetailsItem.swift */,
			);
			path = DataStructures;
			sourceTree = "<group>";
		};
		F2A046665B2FB23E6A31AF47 /* Pods */ = {
			isa = PBXGroup;
			children = (
				2568446075032CC70B0E7AF4 /* Pods-SampleShopApp.debug.xcconfig */,
				8054C10B485687875B2D401E /* Pods-SampleShopApp.release.xcconfig */,
				62058204029BEEE4E5A609C0 /* Pods-SampleShopAppTests.debug.xcconfig */,
				8E37198C5D5E22E6AA23E37E /* Pods-SampleShopAppTests.release.xcconfig */,
				06DE1FE80176BB0BD94A8E69 /* Pods-SampleShopAppUITests.debug.xcconfig */,
				B9028E4D2BB6BB35D5DEEBA4 /* Pods-SampleShopAppUITests.release.xcconfig */,
			);
			name = Pods;
			sourceTree = "<group>";
		};
		FC96DDB859C52B006DC26B6F /* Frameworks */ = {
			isa = PBXGroup;
			children = (
				A3CA11F0FA143CCCE1E7ECAC /* Pods_SampleShopApp.framework */,
				A33702943CF6B857FCDF5E93 /* Pods_SampleShopAppTests.framework */,
				0353B5B0B20B145314B46406 /* Pods_SampleShopAppUITests.framework */,
			);
			name = Frameworks;
			sourceTree = "<group>";
		};
/* End PBXGroup section */

/* Begin PBXNativeTarget section */
		862D00E21F8BE028002DE4A6 /* SampleShopApp */ = {
			isa = PBXNativeTarget;
			buildConfigurationList = 862D010B1F8BE029002DE4A6 /* Build configuration list for PBXNativeTarget "SampleShopApp" */;
			buildPhases = (
				1B11F4719E6F1ED4B8CAA99C /* [CP] Check Pods Manifest.lock */,
				862D00DF1F8BE028002DE4A6 /* Sources */,
				862D00E01F8BE028002DE4A6 /* Frameworks */,
				862D00E11F8BE028002DE4A6 /* Resources */,
				6739817C421E2B28490198F5 /* [CP] Embed Pods Frameworks */,
				DB4BD4FB4127EAE929148B60 /* [CP] Copy Pods Resources */,
			);
			buildRules = (
			);
			dependencies = (
			);
			name = SampleShopApp;
			productName = SampleShopApp;
			productReference = 862D00E31F8BE028002DE4A6 /* SampleShopApp.app */;
			productType = "com.apple.product-type.application";
		};
		862D00F61F8BE029002DE4A6 /* SampleShopAppTests */ = {
			isa = PBXNativeTarget;
			buildConfigurationList = 862D010E1F8BE029002DE4A6 /* Build configuration list for PBXNativeTarget "SampleShopAppTests" */;
			buildPhases = (
				AD5FD07E8A436744ED679BA8 /* [CP] Check Pods Manifest.lock */,
				862D00F31F8BE029002DE4A6 /* Sources */,
				862D00F41F8BE029002DE4A6 /* Frameworks */,
				862D00F51F8BE029002DE4A6 /* Resources */,
				D6F80E4B7888E800A0BF74E4 /* [CP] Embed Pods Frameworks */,
				E2A68A92D4C436DDEE120759 /* [CP] Copy Pods Resources */,
			);
			buildRules = (
			);
			dependencies = (
				862D00F91F8BE029002DE4A6 /* PBXTargetDependency */,
			);
			name = SampleShopAppTests;
			productName = SampleShopAppTests;
			productReference = 862D00F71F8BE029002DE4A6 /* SampleShopAppTests.xctest */;
			productType = "com.apple.product-type.bundle.unit-test";
		};
		862D01011F8BE029002DE4A6 /* SampleShopAppUITests */ = {
			isa = PBXNativeTarget;
			buildConfigurationList = 862D01111F8BE029002DE4A6 /* Build configuration list for PBXNativeTarget "SampleShopAppUITests" */;
			buildPhases = (
				495E0241EC5C8F4722B1FA00 /* [CP] Check Pods Manifest.lock */,
				862D00FE1F8BE029002DE4A6 /* Sources */,
				862D00FF1F8BE029002DE4A6 /* Frameworks */,
				862D01001F8BE029002DE4A6 /* Resources */,
				316B28A9439DA22C1B545535 /* [CP] Embed Pods Frameworks */,
				69AE20B6E7266D5C1D10A1F7 /* [CP] Copy Pods Resources */,
			);
			buildRules = (
			);
			dependencies = (
				862D01041F8BE029002DE4A6 /* PBXTargetDependency */,
			);
			name = SampleShopAppUITests;
			productName = SampleShopAppUITests;
			productReference = 862D01021F8BE029002DE4A6 /* SampleShopAppUITests.xctest */;
			productType = "com.apple.product-type.bundle.ui-testing";
		};
/* End PBXNativeTarget section */

/* Begin PBXProject section */
		862D00DB1F8BE028002DE4A6 /* Project object */ = {
			isa = PBXProject;
			attributes = {
				LastSwiftUpdateCheck = 0830;
				LastUpgradeCheck = 0830;
				ORGANIZATIONNAME = organization;
				TargetAttributes = {
					862D00E21F8BE028002DE4A6 = {
						CreatedOnToolsVersion = 8.3.2;
						ProvisioningStyle = Automatic;
					};
					862D00F61F8BE029002DE4A6 = {
						CreatedOnToolsVersion = 8.3.2;
						ProvisioningStyle = Automatic;
						TestTargetID = 862D00E21F8BE028002DE4A6;
					};
					862D01011F8BE029002DE4A6 = {
						CreatedOnToolsVersion = 8.3.2;
						ProvisioningStyle = Automatic;
						TestTargetID = 862D00E21F8BE028002DE4A6;
					};
				};
			};
			buildConfigurationList = 862D00DE1F8BE028002DE4A6 /* Build configuration list for PBXProject "SampleShopApp" */;
			compatibilityVersion = "Xcode 3.2";
			developmentRegion = English;
			hasScannedForEncodings = 0;
			knownRegions = (
				en,
				Base,
			);
			mainGroup = 862D00DA1F8BE028002DE4A6;
			productRefGroup = 862D00E41F8BE028002DE4A6 /* Products */;
			projectDirPath = "";
			projectRoot = "";
			targets = (
				862D00E21F8BE028002DE4A6 /* SampleShopApp */,
				862D00F61F8BE029002DE4A6 /* SampleShopAppTests */,
				862D01011F8BE029002DE4A6 /* SampleShopAppUITests */,
			);
		};
/* End PBXProject section */

/* Begin PBXResourcesBuildPhase section */
		862D00E11F8BE028002DE4A6 /* Resources */ = {
			isa = PBXResourcesBuildPhase;
			buildActionMask = 2147483647;
			files = (
				860700821F8DFD0B00193539 /* LaunchScreen.storyboard in Resources */,
				862D00EE1F8BE029002DE4A6 /* Assets.xcassets in Resources */,
				860700831F8DFD0B00193539 /* Main.storyboard in Resources */,
			);
			runOnlyForDeploymentPostprocessing = 0;
		};
		862D00F51F8BE029002DE4A6 /* Resources */ = {
			isa = PBXResourcesBuildPhase;
			buildActionMask = 2147483647;
			files = (
			);
			runOnlyForDeploymentPostprocessing = 0;
		};
		862D01001F8BE029002DE4A6 /* Resources */ = {
			isa = PBXResourcesBuildPhase;
			buildActionMask = 2147483647;
			files = (
			);
			runOnlyForDeploymentPostprocessing = 0;
		};
/* End PBXResourcesBuildPhase section */

/* Begin PBXShellScriptBuildPhase section */
		1B11F4719E6F1ED4B8CAA99C /* [CP] Check Pods Manifest.lock */ = {
			isa = PBXShellScriptBuildPhase;
			buildActionMask = 2147483647;
			files = (
			);
			inputPaths = (
			);
			name = "[CP] Check Pods Manifest.lock";
			outputPaths = (
			);
			runOnlyForDeploymentPostprocessing = 0;
			shellPath = /bin/sh;
			shellScript = "diff \"${PODS_PODFILE_DIR_PATH}/Podfile.lock\" \"${PODS_ROOT}/Manifest.lock\" > /dev/null\nif [ $? != 0 ] ; then\n    # print error to STDERR\n    echo \"error: The sandbox is not in sync with the Podfile.lock. Run 'pod install' or update your CocoaPods installation.\" >&2\n    exit 1\nfi\n";
			showEnvVarsInLog = 0;
		};
		316B28A9439DA22C1B545535 /* [CP] Embed Pods Frameworks */ = {
			isa = PBXShellScriptBuildPhase;
			buildActionMask = 2147483647;
			files = (
			);
			inputPaths = (
			);
			name = "[CP] Embed Pods Frameworks";
			outputPaths = (
			);
			runOnlyForDeploymentPostprocessing = 0;
			shellPath = /bin/sh;
			shellScript = "\"${SRCROOT}/Pods/Target Support Files/Pods-SampleShopAppUITests/Pods-SampleShopAppUITests-frameworks.sh\"\n";
			showEnvVarsInLog = 0;
		};
		495E0241EC5C8F4722B1FA00 /* [CP] Check Pods Manifest.lock */ = {
			isa = PBXShellScriptBuildPhase;
			buildActionMask = 2147483647;
			files = (
			);
			inputPaths = (
			);
			name = "[CP] Check Pods Manifest.lock";
			outputPaths = (
			);
			runOnlyForDeploymentPostprocessing = 0;
			shellPath = /bin/sh;
			shellScript = "diff \"${PODS_PODFILE_DIR_PATH}/Podfile.lock\" \"${PODS_ROOT}/Manifest.lock\" > /dev/null\nif [ $? != 0 ] ; then\n    # print error to STDERR\n    echo \"error: The sandbox is not in sync with the Podfile.lock. Run 'pod install' or update your CocoaPods installation.\" >&2\n    exit 1\nfi\n";
			showEnvVarsInLog = 0;
		};
		6739817C421E2B28490198F5 /* [CP] Embed Pods Frameworks */ = {
			isa = PBXShellScriptBuildPhase;
			buildActionMask = 2147483647;
			files = (
			);
			inputPaths = (
			);
			name = "[CP] Embed Pods Frameworks";
			outputPaths = (
			);
			runOnlyForDeploymentPostprocessing = 0;
			shellPath = /bin/sh;
			shellScript = "\"${SRCROOT}/Pods/Target Support Files/Pods-SampleShopApp/Pods-SampleShopApp-frameworks.sh\"\n";
			showEnvVarsInLog = 0;
		};
		69AE20B6E7266D5C1D10A1F7 /* [CP] Copy Pods Resources */ = {
			isa = PBXShellScriptBuildPhase;
			buildActionMask = 2147483647;
			files = (
			);
			inputPaths = (
			);
			name = "[CP] Copy Pods Resources";
			outputPaths = (
			);
			runOnlyForDeploymentPostprocessing = 0;
			shellPath = /bin/sh;
			shellScript = "\"${SRCROOT}/Pods/Target Support Files/Pods-SampleShopAppUITests/Pods-SampleShopAppUITests-resources.sh\"\n";
			showEnvVarsInLog = 0;
		};
		AD5FD07E8A436744ED679BA8 /* [CP] Check Pods Manifest.lock */ = {
			isa = PBXShellScriptBuildPhase;
			buildActionMask = 2147483647;
			files = (
			);
			inputPaths = (
			);
			name = "[CP] Check Pods Manifest.lock";
			outputPaths = (
			);
			runOnlyForDeploymentPostprocessing = 0;
			shellPath = /bin/sh;
			shellScript = "diff \"${PODS_PODFILE_DIR_PATH}/Podfile.lock\" \"${PODS_ROOT}/Manifest.lock\" > /dev/null\nif [ $? != 0 ] ; then\n    # print error to STDERR\n    echo \"error: The sandbox is not in sync with the Podfile.lock. Run 'pod install' or update your CocoaPods installation.\" >&2\n    exit 1\nfi\n";
			showEnvVarsInLog = 0;
		};
		D6F80E4B7888E800A0BF74E4 /* [CP] Embed Pods Frameworks */ = {
			isa = PBXShellScriptBuildPhase;
			buildActionMask = 2147483647;
			files = (
			);
			inputPaths = (
			);
			name = "[CP] Embed Pods Frameworks";
			outputPaths = (
			);
			runOnlyForDeploymentPostprocessing = 0;
			shellPath = /bin/sh;
			shellScript = "\"${SRCROOT}/Pods/Target Support Files/Pods-SampleShopAppTests/Pods-SampleShopAppTests-frameworks.sh\"\n";
			showEnvVarsInLog = 0;
		};
		DB4BD4FB4127EAE929148B60 /* [CP] Copy Pods Resources */ = {
			isa = PBXShellScriptBuildPhase;
			buildActionMask = 2147483647;
			files = (
			);
			inputPaths = (
			);
			name = "[CP] Copy Pods Resources";
			outputPaths = (
			);
			runOnlyForDeploymentPostprocessing = 0;
			shellPath = /bin/sh;
			shellScript = "\"${SRCROOT}/Pods/Target Support Files/Pods-SampleShopApp/Pods-SampleShopApp-resources.sh\"\n";
			showEnvVarsInLog = 0;
		};
		E2A68A92D4C436DDEE120759 /* [CP] Copy Pods Resources */ = {
			isa = PBXShellScriptBuildPhase;
			buildActionMask = 2147483647;
			files = (
			);
			inputPaths = (
			);
			name = "[CP] Copy Pods Resources";
			outputPaths = (
			);
			runOnlyForDeploymentPostprocessing = 0;
			shellPath = /bin/sh;
			shellScript = "\"${SRCROOT}/Pods/Target Support Files/Pods-SampleShopAppTests/Pods-SampleShopAppTests-resources.sh\"\n";
			showEnvVarsInLog = 0;
		};
/* End PBXShellScriptBuildPhase section */

/* Begin PBXSourcesBuildPhase section */
		862D00DF1F8BE028002DE4A6 /* Sources */ = {
			isa = PBXSourcesBuildPhase;
			buildActionMask = 2147483647;
			files = (
				860700761F8D441400193539 /* TMDBConstants.swift in Sources */,
				8684D39B1F8C02C300EC67BC /* TMDBMovieDetailsItem.swift in Sources */,
				8684D37D1F8BF1D300EC67BC /* TMDBResponseHandler.swift in Sources */,
				8684D38D1F8BF4A200EC67BC /* GoRequestHandler.swift in Sources */,
				860700731F8D41EC00193539 /* TMDBMovieListCell.swift in Sources */,
				8684D3951F8BF4D300EC67BC /* TMDBMovieDetailsParser.swift in Sources */,
				860700671F8D36B000193539 /* TMDBBaseViewController.swift in Sources */,
				8684D38F1F8BF4A200EC67BC /* GoURLSessionService.swift in Sources */,
				8607006D1F8D37E400193539 /* TMDBMoviesListViewModel.swift in Sources */,
				8684D38B1F8BF4A200EC67BC /* GoBaseNetworkService.swift in Sources */,
				8684D3961F8BF4D300EC67BC /* TMDBMoviesListParser.swift in Sources */,
				860700711F8D39BB00193539 /* Dictionary+Additions.swift in Sources */,
				860700691F8D36F400193539 /* TMDBMoviesListViewController.swift in Sources */,
				8684D3941F8BF4D300EC67BC /* TMDBBaseParser.swift in Sources */,
				8684D38C1F8BF4A200EC67BC /* GoCustomError.swift in Sources */,
				8607006B1F8D371100193539 /* TMDBMovieDetailsViewController.swift in Sources */,
				8684D38E1F8BF4A200EC67BC /* GoResponseHandler.swift in Sources */,
				8684D3991F8C018400EC67BC /* TMDBMovieListItem.swift in Sources */,
				8684D37B1F8BF11700EC67BC /* TMDBBaseRequestHandler.swift in Sources */,
				8684D3791F8BF05B00EC67BC /* TMDBMoviesNetworkService.swift in Sources */,
				860700611F8D35D600193539 /* AppDelegate.swift in Sources */,
				8607006F1F8D37FD00193539 /* TMDBMovieDetailsViewModel.swift in Sources */,
			);
			runOnlyForDeploymentPostprocessing = 0;
		};
		862D00F31F8BE029002DE4A6 /* Sources */ = {
			isa = PBXSourcesBuildPhase;
			buildActionMask = 2147483647;
			files = (
				862D00FC1F8BE029002DE4A6 /* SampleShopAppTests.swift in Sources */,
			);
			runOnlyForDeploymentPostprocessing = 0;
		};
		862D00FE1F8BE029002DE4A6 /* Sources */ = {
			isa = PBXSourcesBuildPhase;
			buildActionMask = 2147483647;
			files = (
				862D01071F8BE029002DE4A6 /* SampleShopAppUITests.swift in Sources */,
			);
			runOnlyForDeploymentPostprocessing = 0;
		};
/* End PBXSourcesBuildPhase section */

/* Begin PBXTargetDependency section */
		862D00F91F8BE029002DE4A6 /* PBXTargetDependency */ = {
			isa = PBXTargetDependency;
			target = 862D00E21F8BE028002DE4A6 /* SampleShopApp */;
			targetProxy = 862D00F81F8BE029002DE4A6 /* PBXContainerItemProxy */;
		};
		862D01041F8BE029002DE4A6 /* PBXTargetDependency */ = {
			isa = PBXTargetDependency;
			target = 862D00E21F8BE028002DE4A6 /* SampleShopApp */;
			targetProxy = 862D01031F8BE029002DE4A6 /* PBXContainerItemProxy */;
		};
/* End PBXTargetDependency section */

/* Begin PBXVariantGroup section */
		8607007E1F8DFD0B00193539 /* LaunchScreen.storyboard */ = {
			isa = PBXVariantGroup;
			children = (
				8607007F1F8DFD0B00193539 /* Base */,
			);
			name = LaunchScreen.storyboard;
			sourceTree = "<group>";
		};
		860700801F8DFD0B00193539 /* Main.storyboard */ = {
			isa = PBXVariantGroup;
			children = (
				860700811F8DFD0B00193539 /* Base */,
			);
			name = Main.storyboard;
			sourceTree = "<group>";
		};
/* End PBXVariantGroup section */

/* Begin XCBuildConfiguration section */
		862D01091F8BE029002DE4A6 /* Debug */ = {
			isa = XCBuildConfiguration;
			buildSettings = {
				ALWAYS_SEARCH_USER_PATHS = NO;
				CLANG_ANALYZER_NONNULL = YES;
				CLANG_ANALYZER_NUMBER_OBJECT_CONVERSION = YES_AGGRESSIVE;
				CLANG_CXX_LANGUAGE_STANDARD = "gnu++0x";
				CLANG_CXX_LIBRARY = "libc++";
				CLANG_ENABLE_MODULES = YES;
				CLANG_ENABLE_OBJC_ARC = YES;
				CLANG_WARN_BOOL_CONVERSION = YES;
				CLANG_WARN_CONSTANT_CONVERSION = YES;
				CLANG_WARN_DIRECT_OBJC_ISA_USAGE = YES_ERROR;
				CLANG_WARN_DOCUMENTATION_COMMENTS = YES;
				CLANG_WARN_EMPTY_BODY = YES;
				CLANG_WARN_ENUM_CONVERSION = YES;
				CLANG_WARN_INFINITE_RECURSION = YES;
				CLANG_WARN_INT_CONVERSION = YES;
				CLANG_WARN_OBJC_ROOT_CLASS = YES_ERROR;
				CLANG_WARN_SUSPICIOUS_MOVE = YES;
				CLANG_WARN_UNREACHABLE_CODE = YES;
				CLANG_WARN__DUPLICATE_METHOD_MATCH = YES;
				"CODE_SIGN_IDENTITY[sdk=iphoneos*]" = "iPhone Developer";
				COPY_PHASE_STRIP = NO;
				DEBUG_INFORMATION_FORMAT = dwarf;
				ENABLE_STRICT_OBJC_MSGSEND = YES;
				ENABLE_TESTABILITY = YES;
				GCC_C_LANGUAGE_STANDARD = gnu99;
				GCC_DYNAMIC_NO_PIC = NO;
				GCC_NO_COMMON_BLOCKS = YES;
				GCC_OPTIMIZATION_LEVEL = 0;
				GCC_PREPROCESSOR_DEFINITIONS = (
					"DEBUG=1",
					"$(inherited)",
				);
				GCC_WARN_64_TO_32_BIT_CONVERSION = YES;
				GCC_WARN_ABOUT_RETURN_TYPE = YES_ERROR;
				GCC_WARN_UNDECLARED_SELECTOR = YES;
				GCC_WARN_UNINITIALIZED_AUTOS = YES_AGGRESSIVE;
				GCC_WARN_UNUSED_FUNCTION = YES;
				GCC_WARN_UNUSED_VARIABLE = YES;
				IPHONEOS_DEPLOYMENT_TARGET = 10.3;
				MTL_ENABLE_DEBUG_INFO = YES;
				ONLY_ACTIVE_ARCH = YES;
				SDKROOT = iphoneos;
				SWIFT_ACTIVE_COMPILATION_CONDITIONS = DEBUG;
				SWIFT_OPTIMIZATION_LEVEL = "-Onone";
			};
			name = Debug;
		};
		862D010A1F8BE029002DE4A6 /* Release */ = {
			isa = XCBuildConfiguration;
			buildSettings = {
				ALWAYS_SEARCH_USER_PATHS = NO;
				CLANG_ANALYZER_NONNULL = YES;
				CLANG_ANALYZER_NUMBER_OBJECT_CONVERSION = YES_AGGRESSIVE;
				CLANG_CXX_LANGUAGE_STANDARD = "gnu++0x";
				CLANG_CXX_LIBRARY = "libc++";
				CLANG_ENABLE_MODULES = YES;
				CLANG_ENABLE_OBJC_ARC = YES;
				CLANG_WARN_BOOL_CONVERSION = YES;
				CLANG_WARN_CONSTANT_CONVERSION = YES;
				CLANG_WARN_DIRECT_OBJC_ISA_USAGE = YES_ERROR;
				CLANG_WARN_DOCUMENTATION_COMMENTS = YES;
				CLANG_WARN_EMPTY_BODY = YES;
				CLANG_WARN_ENUM_CONVERSION = YES;
				CLANG_WARN_INFINITE_RECURSION = YES;
				CLANG_WARN_INT_CONVERSION = YES;
				CLANG_WARN_OBJC_ROOT_CLASS = YES_ERROR;
				CLANG_WARN_SUSPICIOUS_MOVE = YES;
				CLANG_WARN_UNREACHABLE_CODE = YES;
				CLANG_WARN__DUPLICATE_METHOD_MATCH = YES;
				"CODE_SIGN_IDENTITY[sdk=iphoneos*]" = "iPhone Developer";
				COPY_PHASE_STRIP = NO;
				DEBUG_INFORMATION_FORMAT = "dwarf-with-dsym";
				ENABLE_NS_ASSERTIONS = NO;
				ENABLE_STRICT_OBJC_MSGSEND = YES;
				GCC_C_LANGUAGE_STANDARD = gnu99;
				GCC_NO_COMMON_BLOCKS = YES;
				GCC_WARN_64_TO_32_BIT_CONVERSION = YES;
				GCC_WARN_ABOUT_RETURN_TYPE = YES_ERROR;
				GCC_WARN_UNDECLARED_SELECTOR = YES;
				GCC_WARN_UNINITIALIZED_AUTOS = YES_AGGRESSIVE;
				GCC_WARN_UNUSED_FUNCTION = YES;
				GCC_WARN_UNUSED_VARIABLE = YES;
				IPHONEOS_DEPLOYMENT_TARGET = 10.3;
				MTL_ENABLE_DEBUG_INFO = NO;
				SDKROOT = iphoneos;
				SWIFT_OPTIMIZATION_LEVEL = "-Owholemodule";
				VALIDATE_PRODUCT = YES;
			};
			name = Release;
		};
		862D010C1F8BE029002DE4A6 /* Debug */ = {
			isa = XCBuildConfiguration;
			baseConfigurationReference = 2568446075032CC70B0E7AF4 /* Pods-SampleShopApp.debug.xcconfig */;
			buildSettings = {
				ASSETCATALOG_COMPILER_APPICON_NAME = AppIcon;
				INFOPLIST_FILE = SampleShopApp/Info.plist;
				LD_RUNPATH_SEARCH_PATHS = "$(inherited) @executable_path/Frameworks";
				PRODUCT_BUNDLE_IDENTIFIER = com.organization.SampleShopApp;
				PRODUCT_NAME = "$(TARGET_NAME)";
				SWIFT_VERSION = 3.0;
			};
			name = Debug;
		};
		862D010D1F8BE029002DE4A6 /* Release */ = {
			isa = XCBuildConfiguration;
			baseConfigurationReference = 8054C10B485687875B2D401E /* Pods-SampleShopApp.release.xcconfig */;
			buildSettings = {
				ASSETCATALOG_COMPILER_APPICON_NAME = AppIcon;
				INFOPLIST_FILE = SampleShopApp/Info.plist;
				LD_RUNPATH_SEARCH_PATHS = "$(inherited) @executable_path/Frameworks";
				PRODUCT_BUNDLE_IDENTIFIER = com.organization.SampleShopApp;
				PRODUCT_NAME = "$(TARGET_NAME)";
				SWIFT_VERSION = 3.0;
			};
			name = Release;
		};
		862D010F1F8BE029002DE4A6 /* Debug */ = {
			isa = XCBuildConfiguration;
			baseConfigurationReference = 62058204029BEEE4E5A609C0 /* Pods-SampleShopAppTests.debug.xcconfig */;
			buildSettings = {
				ALWAYS_EMBED_SWIFT_STANDARD_LIBRARIES = YES;
				BUNDLE_LOADER = "$(TEST_HOST)";
				INFOPLIST_FILE = SampleShopAppTests/Info.plist;
				LD_RUNPATH_SEARCH_PATHS = "$(inherited) @executable_path/Frameworks @loader_path/Frameworks";
				PRODUCT_BUNDLE_IDENTIFIER = com.organization.SampleShopAppTests;
				PRODUCT_NAME = "$(TARGET_NAME)";
				SWIFT_VERSION = 3.0;
				TEST_HOST = "$(BUILT_PRODUCTS_DIR)/SampleShopApp.app/SampleShopApp";
			};
			name = Debug;
		};
		862D01101F8BE029002DE4A6 /* Release */ = {
			isa = XCBuildConfiguration;
			baseConfigurationReference = 8E37198C5D5E22E6AA23E37E /* Pods-SampleShopAppTests.release.xcconfig */;
			buildSettings = {
				ALWAYS_EMBED_SWIFT_STANDARD_LIBRARIES = YES;
				BUNDLE_LOADER = "$(TEST_HOST)";
				INFOPLIST_FILE = SampleShopAppTests/Info.plist;
				LD_RUNPATH_SEARCH_PATHS = "$(inherited) @executable_path/Frameworks @loader_path/Frameworks";
				PRODUCT_BUNDLE_IDENTIFIER = com.organization.SampleShopAppTests;
				PRODUCT_NAME = "$(TARGET_NAME)";
				SWIFT_VERSION = 3.0;
				TEST_HOST = "$(BUILT_PRODUCTS_DIR)/SampleShopApp.app/SampleShopApp";
			};
			name = Release;
		};
		862D01121F8BE029002DE4A6 /* Debug */ = {
			isa = XCBuildConfiguration;
			baseConfigurationReference = 06DE1FE80176BB0BD94A8E69 /* Pods-SampleShopAppUITests.debug.xcconfig */;
			buildSettings = {
				ALWAYS_EMBED_SWIFT_STANDARD_LIBRARIES = YES;
				INFOPLIST_FILE = SampleShopAppUITests/Info.plist;
				LD_RUNPATH_SEARCH_PATHS = "$(inherited) @executable_path/Frameworks @loader_path/Frameworks";
				PRODUCT_BUNDLE_IDENTIFIER = com.organization.SampleShopAppUITests;
				PRODUCT_NAME = "$(TARGET_NAME)";
				SWIFT_VERSION = 3.0;
				TEST_TARGET_NAME = SampleShopApp;
			};
			name = Debug;
		};
		862D01131F8BE029002DE4A6 /* Release */ = {
			isa = XCBuildConfiguration;
			baseConfigurationReference = B9028E4D2BB6BB35D5DEEBA4 /* Pods-SampleShopAppUITests.release.xcconfig */;
			buildSettings = {
				ALWAYS_EMBED_SWIFT_STANDARD_LIBRARIES = YES;
				INFOPLIST_FILE = SampleShopAppUITests/Info.plist;
				LD_RUNPATH_SEARCH_PATHS = "$(inherited) @executable_path/Frameworks @loader_path/Frameworks";
				PRODUCT_BUNDLE_IDENTIFIER = com.organization.SampleShopAppUITests;
				PRODUCT_NAME = "$(TARGET_NAME)";
				SWIFT_VERSION = 3.0;
				TEST_TARGET_NAME = SampleShopApp;
			};
			name = Release;
		};
/* End XCBuildConfiguration section */

/* Begin XCConfigurationList section */
		862D00DE1F8BE028002DE4A6 /* Build configuration list for PBXProject "SampleShopApp" */ = {
			isa = XCConfigurationList;
			buildConfigurations = (
				862D01091F8BE029002DE4A6 /* Debug */,
				862D010A1F8BE029002DE4A6 /* Release */,
			);
			defaultConfigurationIsVisible = 0;
			defaultConfigurationName = Release;
		};
		862D010B1F8BE029002DE4A6 /* Build configuration list for PBXNativeTarget "SampleShopApp" */ = {
			isa = XCConfigurationList;
			buildConfigurations = (
				862D010C1F8BE029002DE4A6 /* Debug */,
				862D010D1F8BE029002DE4A6 /* Release */,
			);
			defaultConfigurationIsVisible = 0;
			defaultConfigurationName = Release;
		};
		862D010E1F8BE029002DE4A6 /* Build configuration list for PBXNativeTarget "SampleShopAppTests" */ = {
			isa = XCConfigurationList;
			buildConfigurations = (
				862D010F1F8BE029002DE4A6 /* Debug */,
				862D01101F8BE029002DE4A6 /* Release */,
			);
			defaultConfigurationIsVisible = 0;
			defaultConfigurationName = Release;
		};
		862D01111F8BE029002DE4A6 /* Build configuration list for PBXNativeTarget "SampleShopAppUITests" */ = {
			isa = XCConfigurationList;
			buildConfigurations = (
				862D01121F8BE029002DE4A6 /* Debug */,
				862D01131F8BE029002DE4A6 /* Release */,
			);
			defaultConfigurationIsVisible = 0;
			defaultConfigurationName = Release;
		};
/* End XCConfigurationList section */
	};
	rootObject = 862D00DB1F8BE028002DE4A6 /* Project object */;
}
